
Microsoft Visual Studio Solution File, Format Version 12.00
# Visual Studio Version 16
VisualStudioVersion = 16.0.28407.52
MinimumVisualStudioVersion = 10.0.40219.1
Project("{9092AA53-FB77-4645-B42D-1CCCA6BD08BD}") = "bilibili-live-helper", "bilibili-live-helper.njsproj", "{1397F1A7-4005-4012-96C2-7180F41FF2D1}"
EndProject
Global
	GlobalSection(SolutionConfigurationPlatforms) = preSolution
		Debug|Any CPU = Debug|Any CPU
		Release|Any CPU = Release|Any CPU
	EndGlobalSection
	GlobalSection(ProjectConfigurationPlatforms) = postSolution
		{1397F1A7-4005-4012-96C2-7180F41FF2D1}.Debug|Any CPU.ActiveCfg = Debug|Any CPU
		{1397F1A7-4005-4012-96C2-7180F41FF2D1}.Debug|Any CPU.Build.0 = Debug|Any CPU
		{1397F1A7-4005-4012-96C2-7180F41FF2D1}.Release|Any CPU.ActiveCfg = Release|Any CPU
		{1397F1A7-4005-4012-96C2-7180F41FF2D1}.Release|Any CPU.Build.0 = Release|Any CPU
	EndGlobalSection
	GlobalSection(SolutionProperties) = preSolution
		HideSolutionNode = FALSE
	EndGlobalSection
	GlobalSection(ExtensibilityGlobals) = postSolution
		SolutionGuid = {E4C84A3D-64C8-4B50-B104-AEFBABD1795D}
	EndGlobalSection
EndGlobal
